
Microsoft Visual Studio Solution File, Format Version 12.00
# Visual Studio Version 17
VisualStudioVersion = 17.3.32929.385
MinimumVisualStudioVersion = 10.0.40219.1
Project("{FAE04EC0-301F-11D3-BF4B-00C04F79EFBC}") = "Z-Streams", "Z-Streams.csproj", "{BAE068E4-6210-4DFB-95C8-A50B83083776}"
EndProject
Global
	GlobalSection(SolutionConfigurationPlatforms) = preSolution
		Debug|Any CPU = Debug|Any CPU
		Release|Any CPU = Release|Any CPU
	EndGlobalSection
	GlobalSection(ProjectConfigurationPlatforms) = postSolution
		{BAE068E4-6210-4DFB-95C8-A50B83083776}.Debug|Any CPU.ActiveCfg = Debug|Any CPU
		{BAE068E4-6210-4DFB-95C8-A50B83083776}.Debug|Any CPU.Build.0 = Debug|Any CPU
		{BAE068E4-6210-4DFB-95C8-A50B83083776}.Release|Any CPU.ActiveCfg = Release|Any CPU
		{BAE068E4-6210-4DFB-95C8-A50B83083776}.Release|Any CPU.Build.0 = Release|Any CPU
	EndGlobalSection
	GlobalSection(SolutionProperties) = preSolution
		HideSolutionNode = FALSE
	EndGlobalSection
	GlobalSection(ExtensibilityGlobals) = postSolution
		SolutionGuid = {8B835A31-29B6-41EF-A98D-307AA0B3A751}
	EndGlobalSection
EndGlobal
